
Microsoft Visual Studio Solution File, Format Version 12.00
# Visual Studio Version 17
VisualStudioVersion = 17.5.33516.290
MinimumVisualStudioVersion = 10.0.40219.1
Project("{9A19103F-16F7-4668-BE54-9A1E7A4F7556}") = "ComplexNumbers", "ComplexNumbers\ComplexNumbers.csproj", "{A15EB646-0E03-4257-9B71-9B9DE8D19CE7}"
EndProject
Global
	GlobalSection(SolutionConfigurationPlatforms) = preSolution
		Debug|Any CPU = Debug|Any CPU
		Release|Any CPU = Release|Any CPU
	EndGlobalSection
	GlobalSection(ProjectConfigurationPlatforms) = postSolution
		{A15EB646-0E03-4257-9B71-9B9DE8D19CE7}.Debug|Any CPU.ActiveCfg = Debug|Any CPU
		{A15EB646-0E03-4257-9B71-9B9DE8D19CE7}.Debug|Any CPU.Build.0 = Debug|Any CPU
		{A15EB646-0E03-4257-9B71-9B9DE8D19CE7}.Release|Any CPU.ActiveCfg = Release|Any CPU
		{A15EB646-0E03-4257-9B71-9B9DE8D19CE7}.Release|Any CPU.Build.0 = Release|Any CPU
	EndGlobalSection
	GlobalSection(SolutionProperties) = preSolution
		HideSolutionNode = FALSE
	EndGlobalSection
EndGlobal
