
Microsoft Visual Studio Solution File, Format Version 12.00
# Visual Studio Version 17
VisualStudioVersion = 17.5.33502.453
MinimumVisualStudioVersion = 10.0.40219.1
Project("{9A19103F-16F7-4668-BE54-9A1E7A4F7556}") = "TerminalMenu", "TerminalMenu\TerminalMenu.csproj", "{CF2152A1-297C-4859-9B64-EAAFD0E51228}"
EndProject
Project("{9A19103F-16F7-4668-BE54-9A1E7A4F7556}") = "Infrastructure", "joshika39.Infrastrucutre\Infrastructure.csproj", "{0E2EF672-0F3E-41BA-AF64-FC0AD480998F}"
EndProject
Project("{9A19103F-16F7-4668-BE54-9A1E7A4F7556}") = "Infrastructure.Impl", "joshika39.Infrastructure.Impl\Infrastructure.Impl.csproj", "{3230AC71-F9D6-4857-B7D2-B4FE3480C917}"
EndProject
Global
	GlobalSection(SolutionConfigurationPlatforms) = preSolution
		Debug|Any CPU = Debug|Any CPU
		Release|Any CPU = Release|Any CPU
	EndGlobalSection
	GlobalSection(ProjectConfigurationPlatforms) = postSolution
		{CF2152A1-297C-4859-9B64-EAAFD0E51228}.Debug|Any CPU.ActiveCfg = Debug|Any CPU
		{CF2152A1-297C-4859-9B64-EAAFD0E51228}.Debug|Any CPU.Build.0 = Debug|Any CPU
		{CF2152A1-297C-4859-9B64-EAAFD0E51228}.Release|Any CPU.ActiveCfg = Release|Any CPU
		{CF2152A1-297C-4859-9B64-EAAFD0E51228}.Release|Any CPU.Build.0 = Release|Any CPU
		{0E2EF672-0F3E-41BA-AF64-FC0AD480998F}.Debug|Any CPU.ActiveCfg = Debug|Any CPU
		{0E2EF672-0F3E-41BA-AF64-FC0AD480998F}.Debug|Any CPU.Build.0 = Debug|Any CPU
		{0E2EF672-0F3E-41BA-AF64-FC0AD480998F}.Release|Any CPU.ActiveCfg = Release|Any CPU
		{0E2EF672-0F3E-41BA-AF64-FC0AD480998F}.Release|Any CPU.Build.0 = Release|Any CPU
		{3230AC71-F9D6-4857-B7D2-B4FE3480C917}.Debug|Any CPU.ActiveCfg = Debug|Any CPU
		{3230AC71-F9D6-4857-B7D2-B4FE3480C917}.Debug|Any CPU.Build.0 = Debug|Any CPU
		{3230AC71-F9D6-4857-B7D2-B4FE3480C917}.Release|Any CPU.ActiveCfg = Release|Any CPU
		{3230AC71-F9D6-4857-B7D2-B4FE3480C917}.Release|Any CPU.Build.0 = Release|Any CPU
	EndGlobalSection
	GlobalSection(SolutionProperties) = preSolution
		HideSolutionNode = FALSE
	EndGlobalSection
	GlobalSection(ExtensibilityGlobals) = postSolution
		SolutionGuid = {6457D46E-B22C-4431-8E8A-F679DA4FCB52}
	EndGlobalSection
EndGlobal
