
Microsoft Visual Studio Solution File, Format Version 12.00
Project("{FAE04EC0-301F-11D3-BF4B-00C04F79EFBC}") = "gyak8", "gyak8\gyak8.csproj", "{0E565AA8-3FB3-4723-A9A2-DB0BF1B0478F}"
EndProject
Global
	GlobalSection(SolutionConfigurationPlatforms) = preSolution
		Debug|Any CPU = Debug|Any CPU
		Release|Any CPU = Release|Any CPU
	EndGlobalSection
	GlobalSection(ProjectConfigurationPlatforms) = postSolution
		{0E565AA8-3FB3-4723-A9A2-DB0BF1B0478F}.Debug|Any CPU.ActiveCfg = Debug|Any CPU
		{0E565AA8-3FB3-4723-A9A2-DB0BF1B0478F}.Debug|Any CPU.Build.0 = Debug|Any CPU
		{0E565AA8-3FB3-4723-A9A2-DB0BF1B0478F}.Release|Any CPU.ActiveCfg = Release|Any CPU
		{0E565AA8-3FB3-4723-A9A2-DB0BF1B0478F}.Release|Any CPU.Build.0 = Release|Any CPU
	EndGlobalSection
EndGlobal
